{
    "_readme": [
        "This file locks the dependencies of your project to a known state",
        "Read more about it at http://getcomposer.org/doc/01-basic-usage.md#composer-lock-the-lock-file"
    ],
    "hash": "84b0a331a51d541d7f22f12ebc0697ef",
    "packages": [
        {
            "name": "dg/adminer-custom",
            "version": "v1.0.0",
            "source": {
                "type": "git",
                "url": "https://github.com/dg/adminer-custom.git",
                "reference": "c7ce0e546c5d8ee93fbcdb4528460ac2a741a0b3"
            },
            "dist": {
                "type": "zip",
                "url": "https://api.github.com/repos/dg/adminer-custom/zipball/c7ce0e546c5d8ee93fbcdb4528460ac2a741a0b3",
                "reference": "c7ce0e546c5d8ee93fbcdb4528460ac2a741a0b3",
                "shasum": ""
            },
            "type": "project",
            "notification-url": "https://packagist.org/downloads/",
            "description": "Customization for the best database management tool written in PHP, Adminer",
            "time": "2013-07-01 12:56:59"
        },
        {
            "name": "facebook/php-sdk",
            "version": "dev-master",
            "source": {
                "type": "git",
                "url": "https://github.com/facebook/facebook-php-sdk.git",
                "reference": "5c5a3e80af30ea00e7682e94b31112c505051f50"
            },
            "dist": {
                "type": "zip",
                "url": "https://api.github.com/repos/facebook/facebook-php-sdk/zipball/5c5a3e80af30ea00e7682e94b31112c505051f50",
                "reference": "5c5a3e80af30ea00e7682e94b31112c505051f50",
                "shasum": ""
            },
            "require": {
                "ext-curl": "*",
                "ext-json": "*",
                "php": ">=5.2.0"
            },
            "require-dev": {
                "phpunit/phpunit": "3.7.*"
            },
            "type": "library",
            "autoload": {
                "classmap": [
                    "src"
                ]
            },
            "notification-url": "https://packagist.org/downloads/",
            "license": [
                "Apache2"
            ],
            "authors": [
                {
                    "name": "Facebook",
                    "homepage": "https://github.com/facebook/facebook-php-sdk/contributors"
                }
            ],
            "description": "Facebook PHP SDK",
            "homepage": "https://github.com/facebook/facebook-php-sdk",
            "keywords": [
                "facebook",
                "sdk"
            ],
            "time": "2014-01-09 21:38:48"
        },
        {
            "name": "kdyby/translation",
            "version": "dev-master",
            "source": {
                "type": "git",
                "url": "https://github.com/Kdyby/Translation.git",
                "reference": "f495b54252fb51ae954f64459b51031cf6787823"
            },
            "dist": {
                "type": "zip",
                "url": "https://api.github.com/repos/Kdyby/Translation/zipball/f495b54252fb51ae954f64459b51031cf6787823",
                "reference": "f495b54252fb51ae954f64459b51031cf6787823",
                "shasum": ""
            },
            "require": {
                "nette/nette": "~2.1@dev",
                "symfony/config": "~2.4",
                "symfony/translation": "~2.4"
            },
            "require-dev": {
                "nette/tester": "@dev",
                "symfony/console": "~2.4"
            },
            "suggest": {
                "kdyby/console": "If you wanna use extract command and much others, install also console.",
                "symfony/locale": "Locale component provides fallback code to handle cases when the intl extension is missing."
            },
            "type": "library",
            "extra": {
                "branch-alias": {
                    "dev-master": "1.1-dev"
                }
            },
            "autoload": {
                "psr-0": {
                    "Kdyby\\Translation": "src/"
                },
                "classmap": [
                    "src/Kdyby/Translation/exceptions.php"
                ]
            },
            "notification-url": "https://packagist.org/downloads/",
            "license": [
                "BSD-3-Clause",
                "GPL-2.0",
                "GPL-3.0"
            ],
            "authors": [
                {
                    "name": "Filip Procházka",
                    "homepage": "http://filip-prochazka.com"
                }
            ],
            "description": "Integration of Symfony/Translation into Nette Framework",
            "homepage": "http://kdyby.org",
            "keywords": [
                "kdyby",
                "nette",
                "translation"
            ],
            "time": "2014-01-07 20:23:53"
        },
        {
            "name": "mikulas/nette-google-oauth2",
            "version": "dev-master",
            "source": {
                "type": "git",
                "url": "https://github.com/Mikulas/nette-google-oauth2.git",
                "reference": "2e2696e617c15e2758548b5fcf8a991d7dc70cc3"
            },
            "dist": {
                "type": "zip",
                "url": "https://api.github.com/repos/Mikulas/nette-google-oauth2/zipball/2e2696e617c15e2758548b5fcf8a991d7dc70cc3",
                "reference": "2e2696e617c15e2758548b5fcf8a991d7dc70cc3",
                "shasum": ""
            },
            "require": {
                "nette/nette": ">=2.0",
                "php": ">=5.4"
            },
            "type": "library",
            "autoload": {
                "files": [
                    "Google.php"
                ]
            },
            "notification-url": "https://packagist.org/downloads/",
            "license": [
                "BSD-3"
            ],
            "authors": [
                {
                    "name": "Mikulas Dite"
                }
            ],
            "description": "minimalistic Google OAuth2 api",
            "time": "2012-08-29 10:40:17"
        },
        {
            "name": "nette/nette",
            "version": "v2.1.0",
            "source": {
                "type": "git",
                "url": "https://github.com/nette/nette.git",
                "reference": "e5af13a9d662972e9e34272771e52b832629bb91"
            },
            "dist": {
                "type": "zip",
                "url": "https://api.github.com/repos/nette/nette/zipball/e5af13a9d662972e9e34272771e52b832629bb91",
                "reference": "e5af13a9d662972e9e34272771e52b832629bb91",
                "shasum": ""
            },
            "require": {
                "ext-iconv": "*",
                "ext-tokenizer": "*",
                "php": ">=5.3.1"
            },
            "require-dev": {
                "nette/tester": "~0.9.5"
            },
            "suggest": {
                "ext-fileinfo": "*",
                "ext-gd": "*",
                "ext-mbstring": "*",
                "ext-pdo": "*"
            },
            "type": "library",
            "autoload": {
                "classmap": [
                    "Nette/"
                ],
                "files": [
                    "Nette/common/shortcuts.php"
                ]
            },
            "notification-url": "https://packagist.org/downloads/",
            "license": [
                "BSD-3-Clause",
                "GPL-2.0",
                "GPL-3.0"
            ],
            "authors": [
                {
                    "name": "David Grudl",
                    "homepage": "http://davidgrudl.com"
                },
                {
                    "name": "Nette Community",
                    "homepage": "http://nette.org/contributors"
                }
            ],
            "description": "Nette Framework - innovative framework for fast and easy development of secured web applications in PHP. Write less, have cleaner code and your work will bring you joy.",
            "homepage": "http://nette.org",
            "keywords": [
                "Forms",
                "database",
                "debugging",
                "framework",
                "mailing",
                "mvc",
                "templating"
            ],
            "time": "2013-12-31 00:08:21"
        },
        {
            "name": "paypal/rest-api-sdk-php",
            "version": "v0.7.1",
            "source": {
                "type": "git",
                "url": "https://github.com/paypal/rest-api-sdk-php.git",
                "reference": "4193ae100a8de6fc4e62f94f6c895e0a1f10c956"
            },
            "dist": {
                "type": "zip",
                "url": "https://api.github.com/repos/paypal/rest-api-sdk-php/zipball/4193ae100a8de6fc4e62f94f6c895e0a1f10c956",
                "reference": "4193ae100a8de6fc4e62f94f6c895e0a1f10c956",
                "shasum": ""
            },
            "require": {
                "ext-curl": "*",
                "ext-json": "*",
                "paypal/sdk-core-php": "2.4.*",
                "php": ">=5.3.0"
            },
            "require-dev": {
                "phpunit/phpunit": "3.7.*",
                "satooshi/php-coveralls": "dev-master"
            },
            "type": "library",
            "autoload": {
                "psr-0": {
                    "PayPal": "lib/"
                }
            },
            "notification-url": "https://packagist.org/downloads/",
            "license": [
                "Apache2"
            ],
            "authors": [
                {
                    "name": "PayPal",
                    "homepage": "https://github.com/paypal/rest-api-sdk-php/contributors"
                }
            ],
            "description": "PayPal's PHP SDK for REST APIs",
            "homepage": "https://github.com/paypal/rest-api-sdk-php",
            "keywords": [
                "payments",
                "paypal",
                "rest",
                "sdk"
            ],
            "time": "2013-07-31 15:21:19"
        },
        {
            "name": "paypal/sdk-core-php",
            "version": "v2.4.3",
            "source": {
                "type": "git",
                "url": "https://github.com/paypal/sdk-core-php.git",
                "reference": "226d3492f80847f09c99debb4d3220d5e744ddc8"
            },
            "dist": {
                "type": "zip",
                "url": "https://api.github.com/repos/paypal/sdk-core-php/zipball/226d3492f80847f09c99debb4d3220d5e744ddc8",
                "reference": "226d3492f80847f09c99debb4d3220d5e744ddc8",
                "shasum": ""
            },
            "require": {
                "ext-curl": "*",
                "php": ">=5.3.0"
            },
            "type": "library",
            "autoload": {
                "psr-0": {
                    "PayPal": "lib/"
                }
            },
            "notification-url": "https://packagist.org/downloads/",
            "license": [
                "Apache2"
            ],
            "authors": [
                {
                    "name": "PayPal",
                    "homepage": "https://github.com/paypal/sdk-core-php/contributors"
                }
            ],
            "description": "PayPal Core SDK for PHP",
            "homepage": "https://github.com/paypal/sdk-core-php",
            "keywords": [
                "paypal",
                "php",
                "sdk"
            ],
            "time": "2013-09-11 14:27:58"
        },
        {
            "name": "symfony/config",
            "version": "v2.4.1",
            "target-dir": "Symfony/Component/Config",
            "source": {
                "type": "git",
                "url": "https://github.com/symfony/Config.git",
                "reference": "27d0b35879ebefcfee6d218512c32ab2d6cd6a6a"
            },
            "dist": {
                "type": "zip",
                "url": "https://api.github.com/repos/symfony/Config/zipball/27d0b35879ebefcfee6d218512c32ab2d6cd6a6a",
                "reference": "27d0b35879ebefcfee6d218512c32ab2d6cd6a6a",
                "shasum": ""
            },
            "require": {
                "php": ">=5.3.3",
                "symfony/filesystem": "~2.3"
            },
            "type": "library",
            "extra": {
                "branch-alias": {
                    "dev-master": "2.4-dev"
                }
            },
            "autoload": {
                "psr-0": {
                    "Symfony\\Component\\Config\\": ""
                }
            },
            "notification-url": "https://packagist.org/downloads/",
            "license": [
                "MIT"
            ],
            "authors": [
                {
                    "name": "Fabien Potencier",
                    "email": "fabien@symfony.com"
                },
                {
                    "name": "Symfony Community",
                    "homepage": "http://symfony.com/contributors"
                }
            ],
            "description": "Symfony Config Component",
            "homepage": "http://symfony.com",
            "time": "2014-01-01 08:14:50"
        },
        {
            "name": "symfony/filesystem",
            "version": "v2.4.1",
            "target-dir": "Symfony/Component/Filesystem",
            "source": {
                "type": "git",
                "url": "https://github.com/symfony/Filesystem.git",
                "reference": "b3c3b5a8108b3e5d604dc23241b4ea84a067fc78"
            },
            "dist": {
                "type": "zip",
                "url": "https://api.github.com/repos/symfony/Filesystem/zipball/b3c3b5a8108b3e5d604dc23241b4ea84a067fc78",
                "reference": "b3c3b5a8108b3e5d604dc23241b4ea84a067fc78",
                "shasum": ""
            },
            "require": {
                "php": ">=5.3.3"
            },
            "type": "library",
            "extra": {
                "branch-alias": {
                    "dev-master": "2.4-dev"
                }
            },
            "autoload": {
                "psr-0": {
                    "Symfony\\Component\\Filesystem\\": ""
                }
            },
            "notification-url": "https://packagist.org/downloads/",
            "license": [
                "MIT"
            ],
            "authors": [
                {
                    "name": "Fabien Potencier",
                    "email": "fabien@symfony.com"
                },
                {
                    "name": "Symfony Community",
                    "homepage": "http://symfony.com/contributors"
                }
            ],
            "description": "Symfony Filesystem Component",
            "homepage": "http://symfony.com",
            "time": "2013-12-31 13:43:26"
        },
        {
            "name": "symfony/translation",
            "version": "v2.4.1",
            "target-dir": "Symfony/Component/Translation",
            "source": {
                "type": "git",
                "url": "https://github.com/symfony/Translation.git",
                "reference": "7f76dffd7eaf2c9a3a8f47649404c71440d18c8b"
            },
            "dist": {
                "type": "zip",
                "url": "https://api.github.com/repos/symfony/Translation/zipball/7f76dffd7eaf2c9a3a8f47649404c71440d18c8b",
                "reference": "7f76dffd7eaf2c9a3a8f47649404c71440d18c8b",
                "shasum": ""
            },
            "require": {
                "php": ">=5.3.3"
            },
            "require-dev": {
                "symfony/config": "~2.0",
                "symfony/yaml": "~2.2"
            },
            "suggest": {
                "symfony/config": "",
                "symfony/yaml": ""
            },
            "type": "library",
            "extra": {
                "branch-alias": {
                    "dev-master": "2.4-dev"
                }
            },
            "autoload": {
                "psr-0": {
                    "Symfony\\Component\\Translation\\": ""
                }
            },
            "notification-url": "https://packagist.org/downloads/",
            "license": [
                "MIT"
            ],
            "authors": [
                {
                    "name": "Fabien Potencier",
                    "email": "fabien@symfony.com"
                },
                {
                    "name": "Symfony Community",
                    "homepage": "http://symfony.com/contributors"
                }
            ],
            "description": "Symfony Translation Component",
            "homepage": "http://symfony.com",
            "time": "2013-12-31 13:43:26"
        },
        {
            "name": "tacoberu/nette-form-controls",
            "version": "dev-master",
            "source": {
                "type": "git",
                "url": "https://github.com/tacoberu/nette-form-controls.git",
                "reference": "006365d7cdb76f5e003052b2c3a9f44bc44f8968"
            },
            "dist": {
                "type": "zip",
                "url": "https://api.github.com/repos/tacoberu/nette-form-controls/zipball/006365d7cdb76f5e003052b2c3a9f44bc44f8968",
                "reference": "006365d7cdb76f5e003052b2c3a9f44bc44f8968",
                "shasum": ""
            },
            "require": {
                "php": ">=5.3.0"
            },
            "type": "library",
            "autoload": {
                "psr-0": {
                    "Taco": "libs/"
                }
            },
            "license": [
                "MIT"
            ],
            "authors": [
                {
                    "name": "Martin Takáč",
                    "email": "martin@takac.name"
                }
            ],
            "description": "Ext form controls for nette, DateInput, MultiUpload, and latte macros.",
            "support": {
                "source": "https://github.com/tacoberu/nette-form-controls/tree/master",
                "issues": "https://github.com/tacoberu/nette-form-controls/issues"
            },
            "time": "2014-01-10 22:35:37"
        }
    ],
    "packages-dev": [
        {
            "name": "nette/tester",
            "version": "dev-master",
            "source": {
                "type": "git",
                "url": "https://github.com/nette/tester.git",
                "reference": "b3ec23cb5dad7591cf47d20e8c6a02c5730b3651"
            },
            "dist": {
                "type": "zip",
                "url": "https://api.github.com/repos/nette/tester/zipball/b3ec23cb5dad7591cf47d20e8c6a02c5730b3651",
                "reference": "b3ec23cb5dad7591cf47d20e8c6a02c5730b3651",
                "shasum": ""
            },
            "require": {
                "php": ">=5.3.0"
            },
            "bin": [
                "Tester/tester",
                "Tester/coverage-report"
            ],
            "type": "library",
            "autoload": {
                "classmap": [
                    "Tester/"
                ]
            },
            "notification-url": "https://packagist.org/downloads/",
            "license": [
                "BSD-3-Clause",
                "GPL-2.0",
                "GPL-3.0"
            ],
            "authors": [
                {
                    "name": "David Grudl",
                    "homepage": "http://davidgrudl.com"
                },
                {
                    "name": "Nette Community",
                    "homepage": "http://nette.org/contributors"
                }
            ],
            "description": "An easy-to-use PHP Unit Testing framework.",
            "homepage": "http://nette.org",
            "keywords": [
                "nette",
                "testing",
                "unit"
            ],
            "time": "2014-01-13 11:22:25"
        }
    ],
    "aliases": [

    ],
    "minimum-stability": "stable",
    "stability-flags": {
        "facebook/php-sdk": 20,
        "mikulas/nette-google-oauth2": 20,
        "kdyby/translation": 20,
        "tacoberu/nette-form-controls": 20,
        "nette/tester": 20
    },
    "platform": {
        "php": ">= 5.3.0",
        "ext-curl": "*",
        "ext-json": "*"
    },
    "platform-dev": [

    ]
}
